
Microsoft Visual Studio Solution File, Format Version 12.00
# Visual Studio Version 17
VisualStudioVersion = 17.6.33829.357
MinimumVisualStudioVersion = 10.0.40219.1
Project("{FAE04EC0-301F-11D3-BF4B-00C04F79EFBC}") = "Casgem_MediatorDesignPattern", "Casgem_MediatorDesignPattern\Casgem_MediatorDesignPattern.csproj", "{2D7042E7-644E-4E4B-A124-228EA7A47E5F}"
EndProject
Global
	GlobalSection(SolutionConfigurationPlatforms) = preSolution
		Debug|Any CPU = Debug|Any CPU
		Release|Any CPU = Release|Any CPU
	EndGlobalSection
	GlobalSection(ProjectConfigurationPlatforms) = postSolution
		{2D7042E7-644E-4E4B-A124-228EA7A47E5F}.Debug|Any CPU.ActiveCfg = Debug|Any CPU
		{2D7042E7-644E-4E4B-A124-228EA7A47E5F}.Debug|Any CPU.Build.0 = Debug|Any CPU
		{2D7042E7-644E-4E4B-A124-228EA7A47E5F}.Release|Any CPU.ActiveCfg = Release|Any CPU
		{2D7042E7-644E-4E4B-A124-228EA7A47E5F}.Release|Any CPU.Build.0 = Release|Any CPU
	EndGlobalSection
	GlobalSection(SolutionProperties) = preSolution
		HideSolutionNode = FALSE
	EndGlobalSection
	GlobalSection(ExtensibilityGlobals) = postSolution
		SolutionGuid = {A3CBFE38-2D08-4575-A479-D15CB3A3FCD1}
	EndGlobalSection
EndGlobal
